// !$*UTF8*$!
{
	archiveVersion = 1;
	classes = {
	};
	objectVersion = 48;
	objects = {

/* Begin PBXBuildFile section */
		7754FF801FF5344200D5B167 /* README.md in Resources */ = {isa = PBXBuildFile; fileRef = 7754FF7F1FF5344200D5B167 /* README.md */; };
		7754FF821FF534E300D5B167 /* ex2.gif in Resources */ = {isa = PBXBuildFile; fileRef = 7754FF811FF534E300D5B167 /* ex2.gif */; };
		775A7BBF1FD6569A00BE1EE2 /* SJPrompt.podspec in Resources */ = {isa = PBXBuildFile; fileRef = 775A7BBE1FD6569900BE1EE2 /* SJPrompt.podspec */; };
		776BF5E41FE290DC0081CD9B /* SJPromptConfig.m in Sources */ = {isa = PBXBuildFile; fileRef = 776BF5E31FE290DC0081CD9B /* SJPromptConfig.m */; };
		778FDC0E1F7A056300F294E6 /* AppDelegate.m in Sources */ = {isa = PBXBuildFile; fileRef = 778FDC0D1F7A056300F294E6 /* AppDelegate.m */; };
		778FDC111F7A056300F294E6 /* ViewController.m in Sources */ = {isa = PBXBuildFile; fileRef = 778FDC101F7A056300F294E6 /* ViewController.m */; };
		778FDC141F7A056300F294E6 /* Main.storyboard in Resources */ = {isa = PBXBuildFile; fileRef = 778FDC121F7A056300F294E6 /* Main.storyboard */; };
		778FDC161F7A056300F294E6 /* Assets.xcassets in Resources */ = {isa = PBXBuildFile; fileRef = 778FDC151F7A056300F294E6 /* Assets.xcassets */; };
		778FDC191F7A056300F294E6 /* LaunchScreen.storyboard in Resources */ = {isa = PBXBuildFile; fileRef = 778FDC171F7A056300F294E6 /* LaunchScreen.storyboard */; };
		778FDC1C1F7A056300F294E6 /* main.m in Sources */ = {isa = PBXBuildFile; fileRef = 778FDC1B1F7A056300F294E6 /* main.m */; };
		778FDC281F7A05B900F294E6 /* SJPrompt.m in Sources */ = {isa = PBXBuildFile; fileRef = 778FDC271F7A05B900F294E6 /* SJPrompt.m */; };
		C65EA0A1816C19E1D498FCC3 /* libPods-SJPromptProject.a in Frameworks */ = {isa = PBXBuildFile; fileRef = B98DD4D25EFAE68529CBFC97 /* libPods-SJPromptProject.a */; };
/* End PBXBuildFile section */

/* Begin PBXFileReference section */
		4643DEC6701FC17BF1EFCB90 /* Pods-SJPromptProject.release.xcconfig */ = {isa = PBXFileReference; includeInIndex = 1; lastKnownFileType = text.xcconfig; name = "Pods-SJPromptProject.release.xcconfig"; path = "Pods/Target Support Files/Pods-SJPromptProject/Pods-SJPromptProject.release.xcconfig"; sourceTree = "<group>"; };
		5B4E3CDC196CC2712CFE5B47 /* Pods-SJPromptProject.debug.xcconfig */ = {isa = PBXFileReference; includeInIndex = 1; lastKnownFileType = text.xcconfig; name = "Pods-SJPromptProject.debug.xcconfig"; path = "Pods/Target Support Files/Pods-SJPromptProject/Pods-SJPromptProject.debug.xcconfig"; sourceTree = "<group>"; };
		7754FF7F1FF5344200D5B167 /* README.md */ = {isa = PBXFileReference; fileEncoding = 4; lastKnownFileType = net.daringfireball.markdown; name = README.md; path = ../README.md; sourceTree = "<group>"; };
		7754FF811FF534E300D5B167 /* ex2.gif */ = {isa = PBXFileReference; lastKnownFileType = image.gif; path = ex2.gif; sourceTree = "<group>"; };
		775A7BBE1FD6569900BE1EE2 /* SJPrompt.podspec */ = {isa = PBXFileReference; fileEncoding = 4; lastKnownFileType = text; name = SJPrompt.podspec; path = ../SJPrompt.podspec; sourceTree = "<group>"; };
		776BF5E21FE290DC0081CD9B /* SJPromptConfig.h */ = {isa = PBXFileReference; lastKnownFileType = sourcecode.c.h; path = SJPromptConfig.h; sourceTree = "<group>"; };
		776BF5E31FE290DC0081CD9B /* SJPromptConfig.m */ = {isa = PBXFileReference; lastKnownFileType = sourcecode.c.objc; path = SJPromptConfig.m; sourceTree = "<group>"; };
		778FDC091F7A056300F294E6 /* SJPromptProject.app */ = {isa = PBXFileReference; explicitFileType = wrapper.application; includeInIndex = 0; path = SJPromptProject.app; sourceTree = BUILT_PRODUCTS_DIR; };
		778FDC0C1F7A056300F294E6 /* AppDelegate.h */ = {isa = PBXFileReference; lastKnownFileType = sourcecode.c.h; path = AppDelegate.h; sourceTree = "<group>"; };
		778FDC0D1F7A056300F294E6 /* AppDelegate.m */ = {isa = PBXFileReference; lastKnownFileType = sourcecode.c.objc; path = AppDelegate.m; sourceTree = "<group>"; };
		778FDC0F1F7A056300F294E6 /* ViewController.h */ = {isa = PBXFileReference; lastKnownFileType = sourcecode.c.h; path = ViewController.h; sourceTree = "<group>"; };
		778FDC101F7A056300F294E6 /* ViewController.m */ = {isa = PBXFileReference; lastKnownFileType = sourcecode.c.objc; path = ViewController.m; sourceTree = "<group>"; };
		778FDC131F7A056300F294E6 /* Base */ = {isa = PBXFileReference; lastKnownFileType = file.storyboard; name = Base; path = Base.lproj/Main.storyboard; sourceTree = "<group>"; };
		778FDC151F7A056300F294E6 /* Assets.xcassets */ = {isa = PBXFileReference; lastKnownFileType = folder.assetcatalog; path = Assets.xcassets; sourceTree = "<group>"; };
		778FDC181F7A056300F294E6 /* Base */ = {isa = PBXFileReference; lastKnownFileType = file.storyboard; name = Base; path = Base.lproj/LaunchScreen.storyboard; sourceTree = "<group>"; };
		778FDC1A1F7A056300F294E6 /* Info.plist */ = {isa = PBXFileReference; lastKnownFileType = text.plist.xml; path = Info.plist; sourceTree = "<group>"; };
		778FDC1B1F7A056300F294E6 /* main.m */ = {isa = PBXFileReference; lastKnownFileType = sourcecode.c.objc; path = main.m; sourceTree = "<group>"; };
		778FDC261F7A05B900F294E6 /* SJPrompt.h */ = {isa = PBXFileReference; lastKnownFileType = sourcecode.c.h; path = SJPrompt.h; sourceTree = "<group>"; };
		778FDC271F7A05B900F294E6 /* SJPrompt.m */ = {isa = PBXFileReference; lastKnownFileType = sourcecode.c.objc; path = SJPrompt.m; sourceTree = "<group>"; };
		B98DD4D25EFAE68529CBFC97 /* libPods-SJPromptProject.a */ = {isa = PBXFileReference; explicitFileType = archive.ar; includeInIndex = 0; path = "libPods-SJPromptProject.a"; sourceTree = BUILT_PRODUCTS_DIR; };
/* End PBXFileReference section */

/* Begin PBXFrameworksBuildPhase section */
		778FDC061F7A056300F294E6 /* Frameworks */ = {
			isa = PBXFrameworksBuildPhase;
			buildActionMask = 2147483647;
			files = (
				C65EA0A1816C19E1D498FCC3 /* libPods-SJPromptProject.a in Frameworks */,
			);
			runOnlyForDeploymentPostprocessing = 0;
		};
/* End PBXFrameworksBuildPhase section */

/* Begin PBXGroup section */
		23D17D5BC2A9C2AA026B2601 /* Frameworks */ = {
			isa = PBXGroup;
			children = (
				B98DD4D25EFAE68529CBFC97 /* libPods-SJPromptProject.a */,
			);
			name = Frameworks;
			sourceTree = "<group>";
		};
		776BF5E11FE290640081CD9B /* Asset */ = {
			isa = PBXGroup;
			children = (
				7754FF811FF534E300D5B167 /* ex2.gif */,
				778FDC121F7A056300F294E6 /* Main.storyboard */,
				778FDC151F7A056300F294E6 /* Assets.xcassets */,
				778FDC171F7A056300F294E6 /* LaunchScreen.storyboard */,
				778FDC1A1F7A056300F294E6 /* Info.plist */,
				778FDC1B1F7A056300F294E6 /* main.m */,
			);
			name = Asset;
			sourceTree = "<group>";
		};
		778FDC001F7A056300F294E6 = {
			isa = PBXGroup;
			children = (
				775A7BBE1FD6569900BE1EE2 /* SJPrompt.podspec */,
				7754FF7F1FF5344200D5B167 /* README.md */,
				778FDC0B1F7A056300F294E6 /* SJPromptProject */,
				778FDC0A1F7A056300F294E6 /* Products */,
				7AEE0448853AAE492A206D15 /* Pods */,
				23D17D5BC2A9C2AA026B2601 /* Frameworks */,
			);
			sourceTree = "<group>";
		};
		778FDC0A1F7A056300F294E6 /* Products */ = {
			isa = PBXGroup;
			children = (
				778FDC091F7A056300F294E6 /* SJPromptProject.app */,
			);
			name = Products;
			sourceTree = "<group>";
		};
		778FDC0B1F7A056300F294E6 /* SJPromptProject */ = {
			isa = PBXGroup;
			children = (
				778FDC0C1F7A056300F294E6 /* AppDelegate.h */,
				778FDC0D1F7A056300F294E6 /* AppDelegate.m */,
				778FDC0F1F7A056300F294E6 /* ViewController.h */,
				778FDC101F7A056300F294E6 /* ViewController.m */,
				778FDC221F7A057600F294E6 /* SJPrompt */,
				776BF5E11FE290640081CD9B /* Asset */,
			);
			path = SJPromptProject;
			sourceTree = "<group>";
		};
		778FDC221F7A057600F294E6 /* SJPrompt */ = {
			isa = PBXGroup;
			children = (
				778FDC261F7A05B900F294E6 /* SJPrompt.h */,
				778FDC271F7A05B900F294E6 /* SJPrompt.m */,
				776BF5E21FE290DC0081CD9B /* SJPromptConfig.h */,
				776BF5E31FE290DC0081CD9B /* SJPromptConfig.m */,
			);
			name = SJPrompt;
			path = ../../SJPrompt;
			sourceTree = "<group>";
		};
		7AEE0448853AAE492A206D15 /* Pods */ = {
			isa = PBXGroup;
			children = (
				5B4E3CDC196CC2712CFE5B47 /* Pods-SJPromptProject.debug.xcconfig */,
				4643DEC6701FC17BF1EFCB90 /* Pods-SJPromptProject.release.xcconfig */,
			);
			name = Pods;
			sourceTree = "<group>";
		};
/* End PBXGroup section */

/* Begin PBXNativeTarget section */
		778FDC081F7A056300F294E6 /* SJPromptProject */ = {
			isa = PBXNativeTarget;
			buildConfigurationList = 778FDC1F1F7A056300F294E6 /* Build configuration list for PBXNativeTarget "SJPromptProject" */;
			buildPhases = (
				5DFC577E664D7E8ED1132E43 /* [CP] Check Pods Manifest.lock */,
				778FDC051F7A056300F294E6 /* Sources */,
				778FDC061F7A056300F294E6 /* Frameworks */,
				778FDC071F7A056300F294E6 /* Resources */,
				408E8AF7A68E5146B0D1ED71 /* [CP] Embed Pods Frameworks */,
				D2E6AA4694F40EC730D1444D /* [CP] Copy Pods Resources */,
			);
			buildRules = (
			);
			dependencies = (
			);
			name = SJPromptProject;
			productName = SJPromptProject;
			productReference = 778FDC091F7A056300F294E6 /* SJPromptProject.app */;
			productType = "com.apple.product-type.application";
		};
/* End PBXNativeTarget section */

/* Begin PBXProject section */
		778FDC011F7A056300F294E6 /* Project object */ = {
			isa = PBXProject;
			attributes = {
				LastUpgradeCheck = 0900;
				ORGANIZATIONNAME = SanJiang;
				TargetAttributes = {
					778FDC081F7A056300F294E6 = {
						CreatedOnToolsVersion = 9.0;
						ProvisioningStyle = Manual;
					};
				};
			};
			buildConfigurationList = 778FDC041F7A056300F294E6 /* Build configuration list for PBXProject "SJPromptProject" */;
			compatibilityVersion = "Xcode 8.0";
			developmentRegion = en;
			hasScannedForEncodings = 0;
			knownRegions = (
				en,
				Base,
			);
			mainGroup = 778FDC001F7A056300F294E6;
			productRefGroup = 778FDC0A1F7A056300F294E6 /* Products */;
			projectDirPath = "";
			projectRoot = "";
			targets = (
				778FDC081F7A056300F294E6 /* SJPromptProject */,
			);
		};
/* End PBXProject section */

/* Begin PBXResourcesBuildPhase section */
		778FDC071F7A056300F294E6 /* Resources */ = {
			isa = PBXResourcesBuildPhase;
			buildActionMask = 2147483647;
			files = (
				7754FF821FF534E300D5B167 /* ex2.gif in Resources */,
				778FDC191F7A056300F294E6 /* LaunchScreen.storyboard in Resources */,
				778FDC161F7A056300F294E6 /* Assets.xcassets in Resources */,
				7754FF801FF5344200D5B167 /* README.md in Resources */,
				778FDC141F7A056300F294E6 /* Main.storyboard in Resources */,
				775A7BBF1FD6569A00BE1EE2 /* SJPrompt.podspec in Resources */,
			);
			runOnlyForDeploymentPostprocessing = 0;
		};
/* End PBXResourcesBuildPhase section */

/* Begin PBXShellScriptBuildPhase section */
		408E8AF7A68E5146B0D1ED71 /* [CP] Embed Pods Frameworks */ = {
			isa = PBXShellScriptBuildPhase;
			buildActionMask = 2147483647;
			files = (
			);
			inputPaths = (
			);
			name = "[CP] Embed Pods Frameworks";
			outputPaths = (
			);
			runOnlyForDeploymentPostprocessing = 0;
			shellPath = /bin/sh;
			shellScript = "\"${SRCROOT}/Pods/Target Support Files/Pods-SJPromptProject/Pods-SJPromptProject-frameworks.sh\"\n";
			showEnvVarsInLog = 0;
		};
		5DFC577E664D7E8ED1132E43 /* [CP] Check Pods Manifest.lock */ = {
			isa = PBXShellScriptBuildPhase;
			buildActionMask = 2147483647;
			files = (
			);
			inputPaths = (
			);
			name = "[CP] Check Pods Manifest.lock";
			outputPaths = (
			);
			runOnlyForDeploymentPostprocessing = 0;
			shellPath = /bin/sh;
			shellScript = "diff \"${PODS_ROOT}/../Podfile.lock\" \"${PODS_ROOT}/Manifest.lock\" > /dev/null\nif [ $? != 0 ] ; then\n    # print error to STDERR\n    echo \"error: The sandbox is not in sync with the Podfile.lock. Run 'pod install' or update your CocoaPods installation.\" >&2\n    exit 1\nfi\n";
			showEnvVarsInLog = 0;
		};
		D2E6AA4694F40EC730D1444D /* [CP] Copy Pods Resources */ = {
			isa = PBXShellScriptBuildPhase;
			buildActionMask = 2147483647;
			files = (
			);
			inputPaths = (
			);
			name = "[CP] Copy Pods Resources";
			outputPaths = (
			);
			runOnlyForDeploymentPostprocessing = 0;
			shellPath = /bin/sh;
			shellScript = "\"${SRCROOT}/Pods/Target Support Files/Pods-SJPromptProject/Pods-SJPromptProject-resources.sh\"\n";
			showEnvVarsInLog = 0;
		};
/* End PBXShellScriptBuildPhase section */

/* Begin PBXSourcesBuildPhase section */
		778FDC051F7A056300F294E6 /* Sources */ = {
			isa = PBXSourcesBuildPhase;
			buildActionMask = 2147483647;
			files = (
				778FDC281F7A05B900F294E6 /* SJPrompt.m in Sources */,
				778FDC111F7A056300F294E6 /* ViewController.m in Sources */,
				776BF5E41FE290DC0081CD9B /* SJPromptConfig.m in Sources */,
				778FDC1C1F7A056300F294E6 /* main.m in Sources */,
				778FDC0E1F7A056300F294E6 /* AppDelegate.m in Sources */,
			);
			runOnlyForDeploymentPostprocessing = 0;
		};
/* End PBXSourcesBuildPhase section */

/* Begin PBXVariantGroup section */
		778FDC121F7A056300F294E6 /* Main.storyboard */ = {
			isa = PBXVariantGroup;
			children = (
				778FDC131F7A056300F294E6 /* Base */,
			);
			name = Main.storyboard;
			sourceTree = "<group>";
		};
		778FDC171F7A056300F294E6 /* LaunchScreen.storyboard */ = {
			isa = PBXVariantGroup;
			children = (
				778FDC181F7A056300F294E6 /* Base */,
			);
			name = LaunchScreen.storyboard;
			sourceTree = "<group>";
		};
/* End PBXVariantGroup section */

/* Begin XCBuildConfiguration section */
		778FDC1D1F7A056300F294E6 /* Debug */ = {
			isa = XCBuildConfiguration;
			buildSettings = {
				ALWAYS_SEARCH_USER_PATHS = NO;
				CLANG_ANALYZER_NONNULL = YES;
				CLANG_ANALYZER_NUMBER_OBJECT_CONVERSION = YES_AGGRESSIVE;
				CLANG_CXX_LANGUAGE_STANDARD = "gnu++14";
				CLANG_CXX_LIBRARY = "libc++";
				CLANG_ENABLE_MODULES = YES;
				CLANG_ENABLE_OBJC_ARC = YES;
				CLANG_WARN_BLOCK_CAPTURE_AUTORELEASING = YES;
				CLANG_WARN_BOOL_CONVERSION = YES;
				CLANG_WARN_COMMA = YES;
				CLANG_WARN_CONSTANT_CONVERSION = YES;
				CLANG_WARN_DIRECT_OBJC_ISA_USAGE = YES_ERROR;
				CLANG_WARN_DOCUMENTATION_COMMENTS = YES;
				CLANG_WARN_EMPTY_BODY = YES;
				CLANG_WARN_ENUM_CONVERSION = YES;
				CLANG_WARN_INFINITE_RECURSION = YES;
				CLANG_WARN_INT_CONVERSION = YES;
				CLANG_WARN_NON_LITERAL_NULL_CONVERSION = YES;
				CLANG_WARN_OBJC_LITERAL_CONVERSION = YES;
				CLANG_WARN_OBJC_ROOT_CLASS = YES_ERROR;
				CLANG_WARN_RANGE_LOOP_ANALYSIS = YES;
				CLANG_WARN_STRICT_PROTOTYPES = YES;
				CLANG_WARN_SUSPICIOUS_MOVE = YES;
				CLANG_WARN_UNGUARDED_AVAILABILITY = YES_AGGRESSIVE;
				CLANG_WARN_UNREACHABLE_CODE = YES;
				CLANG_WARN__DUPLICATE_METHOD_MATCH = YES;
				CODE_SIGN_IDENTITY = "iPhone Developer";
				COPY_PHASE_STRIP = NO;
				DEBUG_INFORMATION_FORMAT = dwarf;
				ENABLE_STRICT_OBJC_MSGSEND = YES;
				ENABLE_TESTABILITY = YES;
				GCC_C_LANGUAGE_STANDARD = gnu11;
				GCC_DYNAMIC_NO_PIC = NO;
				GCC_NO_COMMON_BLOCKS = YES;
				GCC_OPTIMIZATION_LEVEL = 0;
				GCC_PREPROCESSOR_DEFINITIONS = (
					"DEBUG=1",
					"$(inherited)",
				);
				GCC_WARN_64_TO_32_BIT_CONVERSION = YES;
				GCC_WARN_ABOUT_RETURN_TYPE = YES_ERROR;
				GCC_WARN_UNDECLARED_SELECTOR = YES;
				GCC_WARN_UNINITIALIZED_AUTOS = YES_AGGRESSIVE;
				GCC_WARN_UNUSED_FUNCTION = YES;
				GCC_WARN_UNUSED_VARIABLE = YES;
				IPHONEOS_DEPLOYMENT_TARGET = 11.0;
				MTL_ENABLE_DEBUG_INFO = YES;
				ONLY_ACTIVE_ARCH = YES;
				SDKROOT = iphoneos;
			};
			name = Debug;
		};
		778FDC1E1F7A056300F294E6 /* Release */ = {
			isa = XCBuildConfiguration;
			buildSettings = {
				ALWAYS_SEARCH_USER_PATHS = NO;
				CLANG_ANALYZER_NONNULL = YES;
				CLANG_ANALYZER_NUMBER_OBJECT_CONVERSION = YES_AGGRESSIVE;
				CLANG_CXX_LANGUAGE_STANDARD = "gnu++14";
				CLANG_CXX_LIBRARY = "libc++";
				CLANG_ENABLE_MODULES = YES;
				CLANG_ENABLE_OBJC_ARC = YES;
				CLANG_WARN_BLOCK_CAPTURE_AUTORELEASING = YES;
				CLANG_WARN_BOOL_CONVERSION = YES;
				CLANG_WARN_COMMA = YES;
				CLANG_WARN_CONSTANT_CONVERSION = YES;
				CLANG_WARN_DIRECT_OBJC_ISA_USAGE = YES_ERROR;
				CLANG_WARN_DOCUMENTATION_COMMENTS = YES;
				CLANG_WARN_EMPTY_BODY = YES;
				CLANG_WARN_ENUM_CONVERSION = YES;
				CLANG_WARN_INFINITE_RECURSION = YES;
				CLANG_WARN_INT_CONVERSION = YES;
				CLANG_WARN_NON_LITERAL_NULL_CONVERSION = YES;
				CLANG_WARN_OBJC_LITERAL_CONVERSION = YES;
				CLANG_WARN_OBJC_ROOT_CLASS = YES_ERROR;
				CLANG_WARN_RANGE_LOOP_ANALYSIS = YES;
				CLANG_WARN_STRICT_PROTOTYPES = YES;
				CLANG_WARN_SUSPICIOUS_MOVE = YES;
				CLANG_WARN_UNGUARDED_AVAILABILITY = YES_AGGRESSIVE;
				CLANG_WARN_UNREACHABLE_CODE = YES;
				CLANG_WARN__DUPLICATE_METHOD_MATCH = YES;
				CODE_SIGN_IDENTITY = "iPhone Developer";
				COPY_PHASE_STRIP = NO;
				DEBUG_INFORMATION_FORMAT = "dwarf-with-dsym";
				ENABLE_NS_ASSERTIONS = NO;
				ENABLE_STRICT_OBJC_MSGSEND = YES;
				GCC_C_LANGUAGE_STANDARD = gnu11;
				GCC_NO_COMMON_BLOCKS = YES;
				GCC_WARN_64_TO_32_BIT_CONVERSION = YES;
				GCC_WARN_ABOUT_RETURN_TYPE = YES_ERROR;
				GCC_WARN_UNDECLARED_SELECTOR = YES;
				GCC_WARN_UNINITIALIZED_AUTOS = YES_AGGRESSIVE;
				GCC_WARN_UNUSED_FUNCTION = YES;
				GCC_WARN_UNUSED_VARIABLE = YES;
				IPHONEOS_DEPLOYMENT_TARGET = 11.0;
				MTL_ENABLE_DEBUG_INFO = NO;
				SDKROOT = iphoneos;
				VALIDATE_PRODUCT = YES;
			};
			name = Release;
		};
		778FDC201F7A056300F294E6 /* Debug */ = {
			isa = XCBuildConfiguration;
			baseConfigurationReference = 5B4E3CDC196CC2712CFE5B47 /* Pods-SJPromptProject.debug.xcconfig */;
			buildSettings = {
				ASSETCATALOG_COMPILER_APPICON_NAME = AppIcon;
				CODE_SIGN_STYLE = Manual;
				DEVELOPMENT_TEAM = DB5B5F2RH5;
				INFOPLIST_FILE = SJPromptProject/Info.plist;
				IPHONEOS_DEPLOYMENT_TARGET = 9.1;
				LD_RUNPATH_SEARCH_PATHS = "$(inherited) @executable_path/Frameworks";
				PRODUCT_BUNDLE_IDENTIFIER = com.SanJiang.SJPromptProject;
				PRODUCT_NAME = "$(TARGET_NAME)";
				PROVISIONING_PROFILE = "acd2453e-e396-4ccf-bf56-508276824c6c";
				PROVISIONING_PROFILE_SPECIFIER = SanJiangDevelopment;
				TARGETED_DEVICE_FAMILY = "1,2";
			};
			name = Debug;
		};
		778FDC211F7A056300F294E6 /* Release */ = {
			isa = XCBuildConfiguration;
			baseConfigurationReference = 4643DEC6701FC17BF1EFCB90 /* Pods-SJPromptProject.release.xcconfig */;
			buildSettings = {
				ASSETCATALOG_COMPILER_APPICON_NAME = AppIcon;
				CODE_SIGN_STYLE = Manual;
				DEVELOPMENT_TEAM = "";
				INFOPLIST_FILE = SJPromptProject/Info.plist;
				IPHONEOS_DEPLOYMENT_TARGET = 9.1;
				LD_RUNPATH_SEARCH_PATHS = "$(inherited) @executable_path/Frameworks";
				PRODUCT_BUNDLE_IDENTIFIER = com.SanJiang.SJPromptProject;
				PRODUCT_NAME = "$(TARGET_NAME)";
				PROVISIONING_PROFILE_SPECIFIER = "";
				TARGETED_DEVICE_FAMILY = "1,2";
			};
			name = Release;
		};
/* End XCBuildConfiguration section */

/* Begin XCConfigurationList section */
		778FDC041F7A056300F294E6 /* Build configuration list for PBXProject "SJPromptProject" */ = {
			isa = XCConfigurationList;
			buildConfigurations = (
				778FDC1D1F7A056300F294E6 /* Debug */,
				778FDC1E1F7A056300F294E6 /* Release */,
			);
			defaultConfigurationIsVisible = 0;
			defaultConfigurationName = Release;
		};
		778FDC1F1F7A056300F294E6 /* Build configuration list for PBXNativeTarget "SJPromptProject" */ = {
			isa = XCConfigurationList;
			buildConfigurations = (
				778FDC201F7A056300F294E6 /* Debug */,
				778FDC211F7A056300F294E6 /* Release */,
			);
			defaultConfigurationIsVisible = 0;
			defaultConfigurationName = Release;
		};
/* End XCConfigurationList section */
	};
	rootObject = 778FDC011F7A056300F294E6 /* Project object */;
}
